# This file is automatically @generated by Cargo.
# It is not intended for manual editing.
version = 3

[[package]]
name = "heapq"
version = "0.1.0"
source = "registry+https://github.com/rust-lang/crates.io-index"
checksum = "a10154c0917b9d9baed79806e9d11d0d470e1927c2450cedc148a9ad55d8491e"

[[package]]
name = "second_puzzle"
version = "0.1.0"
dependencies = [
 "heapq",
]
